# THIS IS AN AUTOGENERATED FILE. DO NOT EDIT THIS FILE DIRECTLY.
# yarn lockfile v1


sixel@^0.12.0:
  version "0.12.0"
  resolved "https://registry.yarnpkg.com/sixel/-/sixel-0.12.0.tgz#820dbb0b802df9e7a57760749c56a094005fca82"
  integrity sha512-RL2kt9fsZyo9rlbsw+zc7wOjKt2VnPEK9As6D9zmIE7RGWG7v65dI84nEBP7aJmcn0X1SGiDnZTWrs/FZjwoGw==
