# THIS IS AN AUTOGENERATED FILE. DO NOT EDIT THIS FILE DIRECTLY.
# yarn lockfile v1


pako@^1.0.6:
  version "1.0.11"
  resolved "https://registry.yarnpkg.com/pako/-/pako-1.0.11.tgz#6c9599d340d54dfd3946380252a35705a6b992bf"
  integrity sha512-4hLB8Py4zZce5s4yd9XzopqwVv/yGNhV1Bl8NTmCq1763HeK2+EwVTv+leGeL13Dnh2wfbqowVPXCIO0z4taYw==

png-ts@^0.0.3:
  version "0.0.3"
  resolved "https://registry.yarnpkg.com/png-ts/-/png-ts-0.0.3.tgz#497fa90f13b9a2cdcd5a457cb1c28ab3c68ec145"
  integrity sha512-Qwn3yMfbrbaN86QjrDAqD1UVJc4AV4hvBCx5Dv9libLd6D20xKtgOFs/UcvD0nnjxWlgS12kEVWCDFd9ZtwB+g==
  dependencies:
    pako "^1.0.6"

sixel@^0.14.0:
  version "0.14.0"
  resolved "https://registry.yarnpkg.com/sixel/-/sixel-0.14.0.tgz#9d27804de92a04ee6604d082b2ee816d0fd4e891"
  integrity sha512-6uEartRUNPrQelr+FoodzOoia9WZ8kkPJkHTXGrst5iWl57kcvef6p7R7QY4YOc3KDctiMnwuySWhd/E3sNxlw==
