# THIS IS AN AUTOGENERATED FILE. DO NOT EDIT THIS FILE DIRECTLY.
# yarn lockfile v1


js-base64@^3.7.5:
  version "3.7.5"
  resolved "https://registry.yarnpkg.com/js-base64/-/js-base64-3.7.5.tgz#21e24cf6b886f76d6f5f165bfcd69cc55b9e3fca"
  integrity sha512-3MEt5DTINKqfScXKfJFrRbxkrnk2AxPWGBL/ycjz4dK8iqiSJ06UxD8jh8xuh6p10TX4t2+7FsBYVxxQbMg+qA==
