# THIS IS AN AUTOGENERATED FILE. DO NOT EDIT THIS FILE DIRECTLY.
# yarn lockfile v1


typescript@^3.4.0:
  version "3.4.5"
  resolved "https://registry.yarnpkg.com/typescript/-/typescript-3.4.5.tgz#2d2618d10bb566572b8d7aad5180d84257d70a99"
  integrity sha512-YycBxUb49UUhdNMU5aJ7z5Ej2XGmaIBL0x34vZ82fn3hGvD+bgrMrVDpatgz2f7YxUMJxMkbWxJZeAvDxVe7Vw==

xterm@^3.13.0:
  version "3.13.0"
  resolved "https://registry.yarnpkg.com/xterm/-/xterm-3.13.0.tgz#d0e06c3cf4c1f079aa83f646948457db3b04220b"
  integrity sha512-FZVmvkkbkky3zldJ2NNOZ9h8jirtbGTlF4sIKMDrejR4wPsVZ3o4F++DQVkdeZqjAwtNOMoR17PMSOTZ+h070g==
