# THIS IS AN AUTOGENERATED FILE. DO NOT EDIT THIS FILE DIRECTLY.
# yarn lockfile v1


"@tyriar/avl-tree@^2.0.6":
  version "2.0.6"
  resolved "https://registry.yarnpkg.com/@tyriar/avl-tree/-/avl-tree-2.0.6.tgz#cbea5d2f3f60b53ada1ddcba4c6bfba5e1a7a0e0"
  integrity sha512-vQaPJCTCRwWRdk13cKUecDxPKOhoxcA9sDFymhBry9SVggtJIRex6z6Rn0kis9pHJ/BedqjV/Be7dx4GfF0epw==
