# THIS IS AN AUTOGENERATED FILE. DO NOT EDIT THIS FILE DIRECTLY.
# yarn lockfile v1


"@sinonjs/commons@^1", "@sinonjs/commons@^1.0.2", "@sinonjs/commons@^1.3.0", "@sinonjs/commons@^1.7.0":
  version "1.8.0"
  resolved "https://registry.npmjs.org/@sinonjs/commons/-/commons-1.8.0.tgz"
  integrity sha512-wEj54PfsZ5jGSwMX68G8ZXFawcSglQSXqCftWX3ec8MDUzQdHgcKvw97awHbY0efQEL5iKUOAmmVtoYgmrSG4Q==
  dependencies:
    type-detect "4.0.8"

"@sinonjs/formatio@^3.0.0", "@sinonjs/formatio@^3.2.1":
  version "3.2.2"
  resolved "https://registry.npmjs.org/@sinonjs/formatio/-/formatio-3.2.2.tgz"
  integrity sha512-B8SEsgd8gArBLMD6zpRw3juQ2FVSsmdd7qlevyDqzS9WTCtvF55/gAL+h6gue8ZvPYcdiPdvueM/qm//9XzyTQ==
  dependencies:
    "@sinonjs/commons" "^1"
    "@sinonjs/samsam" "^3.1.0"

"@sinonjs/samsam@^2.1.2":
  version "2.1.3"
  resolved "https://registry.npmjs.org/@sinonjs/samsam/-/samsam-2.1.3.tgz"
  integrity sha512-8zNeBkSKhU9a5cRNbpCKau2WWPfan+Q2zDlcXvXyhn9EsMqgYs4qzo0XHNVlXC6ABQL8fT6nV+zzo5RTHJzyXw==

"@sinonjs/samsam@^3.1.0":
  version "3.3.3"
  resolved "https://registry.npmjs.org/@sinonjs/samsam/-/samsam-3.3.3.tgz"
  integrity sha512-bKCMKZvWIjYD0BLGnNrxVuw4dkWCYsLqFOUWw8VgKF/+5Y+mE7LfHWPIYoDXowH+3a9LsWDMo0uAP8YDosPvHQ==
  dependencies:
    "@sinonjs/commons" "^1.3.0"
    array-from "^2.1.1"
    lodash "^4.17.15"

"@sinonjs/text-encoding@^0.7.1":
  version "0.7.1"
  resolved "https://registry.npmjs.org/@sinonjs/text-encoding/-/text-encoding-0.7.1.tgz"
  integrity sha512-+iTbntw2IZPb/anVDbypzfQa+ay64MW0Zo8aJ8gZPWMMK6/OubMVb6lUPMagqjOPnmtauXnFCACVl3O7ogjeqQ==

"@types/sinon@^5.0.1":
  version "5.0.1"
  resolved "https://registry.npmjs.org/@types/sinon/-/sinon-5.0.1.tgz"
  integrity sha512-yxzBCIjE3lp9lYjfBbIK/LRCoXgCLLbIIBIje7eNCcUIIR2CZZtyX5uto2hVoMSMqLrsRrT6mwwUEd0yFgOwpA==

array-from@^2.1.1:
  version "2.1.1"
  resolved "https://registry.npmjs.org/array-from/-/array-from-2.1.1.tgz"
  integrity sha1-z+nYwmYoudxa7MYqn12PHzUsEZU= sha512-GQTc6Uupx1FCavi5mPzBvVT7nEOeWMmUA9P95wpfpW1XwMSKs+KaymD5C2Up7KAUKg/mYwbsUYzdZWcoajlNZg==

asynckit@^0.4.0:
  version "0.4.0"
  resolved "https://registry.npmjs.org/asynckit/-/asynckit-0.4.0.tgz"
  integrity sha512-Oei9OH4tRh0YqU3GxhX79dM/mwVgvbZJaSNaRk+bshkj0S5cfHcgYakreBjrHwatXKbz+IoIdYLxrKim2MjW0Q==

axios@^1.6.0:
  version "1.8.2"
  resolved "https://registry.npmjs.org/axios/-/axios-1.8.2.tgz"
  integrity sha512-ls4GYBm5aig9vWx8AWDSGLpnpDQRtWAfrjU+EuytuODrFBkqesN2RkOQCBzrA1RQNHw1SmRMSDDDSwzNAYQ6Rg==
  dependencies:
    follow-redirects "^1.15.6"
    form-data "^4.0.0"
    proxy-from-env "^1.1.0"

buffer-crc32@~0.2.3:
  version "0.2.13"
  resolved "https://registry.npmjs.org/buffer-crc32/-/buffer-crc32-0.2.13.tgz"
  integrity sha512-VO9Ht/+p3SN7SKWqcrgEzjGbRSJYTx+Q1pTQC0wrWqHx0vpJraQ6GtHx8tvcg1rlK1byhU5gccxgOgj7B0TDkQ==

call-bind-apply-helpers@^1.0.1, call-bind-apply-helpers@^1.0.2:
  version "1.0.2"
  resolved "https://registry.npmjs.org/call-bind-apply-helpers/-/call-bind-apply-helpers-1.0.2.tgz"
  integrity sha512-Sp1ablJ0ivDkSzjcaJdxEunN5/XvksFJ2sMBFfq6x0ryhQV/2b/KwFe21cMpmHtPOSij8K99/wSfoEuTObmuMQ==
  dependencies:
    es-errors "^1.3.0"
    function-bind "^1.1.2"

combined-stream@^1.0.8:
  version "1.0.8"
  resolved "https://registry.npmjs.org/combined-stream/-/combined-stream-1.0.8.tgz"
  integrity sha512-FQN4MRfuJeHf7cBbBMJFXhKSDq+2kAArBlmRBvcvFE5BB1HZKXtSFASDhdlz9zOYwxh8lDdnvmMOe/+5cdoEdg==
  dependencies:
    delayed-stream "~1.0.0"

delayed-stream@~1.0.0:
  version "1.0.0"
  resolved "https://registry.npmjs.org/delayed-stream/-/delayed-stream-1.0.0.tgz"
  integrity sha512-ZySD7Nf91aLB0RxL4KGrKHBXl7Eds1DAmEdcoVawXnLD7SDhpNgtuII2aAkg7a7QS41jxPSZ17p4VdGnMHk3MQ==

diff@^3.5.0:
  version "3.5.0"
  resolved "https://registry.npmjs.org/diff/-/diff-3.5.0.tgz"
  integrity sha512-A46qtFgd+g7pDZinpnwiRJtxbC1hpgf0uzP3iG89scHk0AUC7A1TGxf5OiiOUv/JMZR8GOt8hL900hV0bOy5xA==

dunder-proto@^1.0.1:
  version "1.0.1"
  resolved "https://registry.npmjs.org/dunder-proto/-/dunder-proto-1.0.1.tgz"
  integrity sha512-KIN/nDJBQRcXw0MLVhZE9iQHmG68qAVIBg9CqmUYjmQIhgij9U5MFvrqkUL5FbtyyzZuOeOt0zdeRe4UY7ct+A==
  dependencies:
    call-bind-apply-helpers "^1.0.1"
    es-errors "^1.3.0"
    gopd "^1.2.0"

es-define-property@^1.0.1:
  version "1.0.1"
  resolved "https://registry.npmjs.org/es-define-property/-/es-define-property-1.0.1.tgz"
  integrity sha512-e3nRfgfUZ4rNGL232gUgX06QNyyez04KdjFrF+LTRoOXmrOgFKDg4BCdsjW8EnT69eqdYGmRpJwiPVYNrCaW3g==

es-errors@^1.3.0:
  version "1.3.0"
  resolved "https://registry.npmjs.org/es-errors/-/es-errors-1.3.0.tgz"
  integrity sha512-Zf5H2Kxt2xjTvbJvP2ZWLEICxA6j+hAmMzIlypy4xcBg1vKVnx89Wy0GbS+kf5cwCVFFzdCFh2XSCFNULS6csw==

es-object-atoms@^1.0.0, es-object-atoms@^1.1.1:
  version "1.1.1"
  resolved "https://registry.npmjs.org/es-object-atoms/-/es-object-atoms-1.1.1.tgz"
  integrity sha512-FGgH2h8zKNim9ljj7dankFPcICIK9Cp5bm+c2gQSYePhpaG5+esrLODihIorn+Pe6FGJzWhXQotPv73jTaldXA==
  dependencies:
    es-errors "^1.3.0"

es-set-tostringtag@^2.1.0:
  version "2.1.0"
  resolved "https://registry.npmjs.org/es-set-tostringtag/-/es-set-tostringtag-2.1.0.tgz"
  integrity sha512-j6vWzfrGVfyXxge+O0x5sh6cvxAog0a/4Rdd2K36zCMV5eJ+/+tOAngRO8cODMNWbVRdVlmGZQL2YS3yR8bIUA==
  dependencies:
    es-errors "^1.3.0"
    get-intrinsic "^1.2.6"
    has-tostringtag "^1.0.2"
    hasown "^2.0.2"

fd-slicer@~1.1.0:
  version "1.1.0"
  resolved "https://registry.npmjs.org/fd-slicer/-/fd-slicer-1.1.0.tgz"
  integrity sha512-cE1qsB/VwyQozZ+q1dGxR8LBYNZeofhEdUNGSMbQD3Gw2lAzX9Zb3uIU6Ebc/Fmyjo9AWWfnn0AUCHqtevs/8g==
  dependencies:
    pend "~1.2.0"

follow-redirects@^1.15.6:
  version "1.15.9"
  resolved "https://registry.npmjs.org/follow-redirects/-/follow-redirects-1.15.9.tgz"
  integrity sha512-gew4GsXizNgdoRyqmyfMHyAmXsZDk6mHkSxZFCzW9gwlbtOW44CDtYavM+y+72qD/Vq2l550kMF52DT8fOLJqQ==

font-finder@^1.0.3, font-finder@^1.1.0:
  version "1.1.0"
  resolved "https://registry.npmjs.org/font-finder/-/font-finder-1.1.0.tgz"
  integrity sha512-wpCL2uIbi6GurJbU7ZlQ3nGd61Ho+dSU6U83/xJT5UPFfN35EeCW/rOtS+5k+IuEZu2SYmHzDIPL9eA5tSYRAw==
  dependencies:
    get-system-fonts "^2.0.0"
    promise-stream-reader "^1.0.1"

font-ligatures@^1.4.1:
  version "1.4.1"
  resolved "https://registry.npmjs.org/font-ligatures/-/font-ligatures-1.4.1.tgz"
  integrity sha512-7W6zlfyhvCqShZ5ReUWqmSd9vBaUudW0Hxis+tqUjtHhsPU+L3Grf8mcZAtCiXHTzorhwdRTId2WeH/88gdFkw==
  dependencies:
    font-finder "^1.0.3"
    lru-cache "^6.0.0"
    opentype.js "^0.8.0"

form-data@^4.0.0:
  version "4.0.4"
  resolved "https://registry.npmjs.org/form-data/-/form-data-4.0.4.tgz"
  integrity sha512-KrGhL9Q4zjj0kiUt5OO4Mr/A/jlI2jDYs5eHBpYHPcBEVSiipAvn2Ko2HnPe20rmcuuvMHNdZFp+4IlGTMF0Ow==
  dependencies:
    asynckit "^0.4.0"
    combined-stream "^1.0.8"
    es-set-tostringtag "^2.1.0"
    hasown "^2.0.2"
    mime-types "^2.1.12"

function-bind@^1.1.2:
  version "1.1.2"
  resolved "https://registry.npmjs.org/function-bind/-/function-bind-1.1.2.tgz"
  integrity sha512-7XHNxH7qX9xG5mIwxkhumTox/MIRNcOgDrxWsMt2pAr23WHp6MrRlN7FBSFpCpr+oVO0F744iUgR82nJMfG2SA==

get-intrinsic@^1.2.6:
  version "1.3.0"
  resolved "https://registry.npmjs.org/get-intrinsic/-/get-intrinsic-1.3.0.tgz"
  integrity sha512-9fSjSaos/fRIVIp+xSJlE6lfwhES7LNtKaCBIamHsjr2na1BiABJPo0mOjjz8GJDURarmCPGqaiVg5mfjb98CQ==
  dependencies:
    call-bind-apply-helpers "^1.0.2"
    es-define-property "^1.0.1"
    es-errors "^1.3.0"
    es-object-atoms "^1.1.1"
    function-bind "^1.1.2"
    get-proto "^1.0.1"
    gopd "^1.2.0"
    has-symbols "^1.1.0"
    hasown "^2.0.2"
    math-intrinsics "^1.1.0"

get-proto@^1.0.1:
  version "1.0.1"
  resolved "https://registry.npmjs.org/get-proto/-/get-proto-1.0.1.tgz"
  integrity sha512-sTSfBjoXBp89JvIKIefqw7U2CCebsc74kiY6awiGogKtoSGbgjYE/G/+l9sF3MWFPNc9IcoOC4ODfKHfxFmp0g==
  dependencies:
    dunder-proto "^1.0.1"
    es-object-atoms "^1.0.0"

get-system-fonts@^2.0.0:
  version "2.0.0"
  resolved "https://registry.npmjs.org/get-system-fonts/-/get-system-fonts-2.0.0.tgz"
  integrity sha512-iiM/DavyF2nnLdELzPBSHojzQJVai9WiwrRzn5gp2dutJuerC8qHyBoh4lxfVdKGbnb9eZ4p8Oefbuc3yExB7Q==

gopd@^1.2.0:
  version "1.2.0"
  resolved "https://registry.npmjs.org/gopd/-/gopd-1.2.0.tgz"
  integrity sha512-ZUKRh6/kUFoAiTAtTYPZJ3hw9wNxx+BIBOijnlG9PnrJsCcSjs1wyyD6vJpaYtgnzDrKYRSqf3OO6Rfa93xsRg==

has-flag@^3.0.0:
  version "3.0.0"
  resolved "https://registry.npmjs.org/has-flag/-/has-flag-3.0.0.tgz"
  integrity sha512-sKJf1+ceQBr4SMkvQnBDNDtf4TXpVhVGateu0t918bl30FnbE2m4vNLX+VWe/dpjlb+HugGYzW7uQXH98HPEYw==

has-symbols@^1.0.3, has-symbols@^1.1.0:
  version "1.1.0"
  resolved "https://registry.npmjs.org/has-symbols/-/has-symbols-1.1.0.tgz"
  integrity sha512-1cDNdwJ2Jaohmb3sg4OmKaMBwuC48sYni5HUw2DvsC8LjGTLK9h+eb1X6RyuOHe4hT0ULCW68iomhjUoKUqlPQ==

has-tostringtag@^1.0.2:
  version "1.0.2"
  resolved "https://registry.npmjs.org/has-tostringtag/-/has-tostringtag-1.0.2.tgz"
  integrity sha512-NqADB8VjPFLM2V0VvHUewwwsw0ZWBaIdgo+ieHtK3hasLz4qeCRjYcqfB6AQrBggRKppKF8L52/VqdVsO47Dlw==
  dependencies:
    has-symbols "^1.0.3"

hasown@^2.0.2:
  version "2.0.2"
  resolved "https://registry.npmjs.org/hasown/-/hasown-2.0.2.tgz"
  integrity sha512-0hJU9SCPvmMzIBdZFqNPXWa6dqh7WdH0cII9y+CyS8rG3nL48Bclra9HmKhVVUHyPWNH5Y7xDwAB7bfgSjkUMQ==
  dependencies:
    function-bind "^1.1.2"

isarray@0.0.1:
  version "0.0.1"
  resolved "https://registry.npmjs.org/isarray/-/isarray-0.0.1.tgz"
  integrity sha512-D2S+3GLxWH+uhrNEcoh/fnmYeP8E8/zHl644d/jdA0g2uyXvy3sb0qxotE+ne0LtccHknQzWwZEzhak7oJ0COQ==

just-extend@^4.0.2:
  version "4.1.0"
  resolved "https://registry.npmjs.org/just-extend/-/just-extend-4.1.0.tgz"
  integrity sha512-ApcjaOdVTJ7y4r08xI5wIqpvwS48Q0PBG4DJROcEkH1f8MdAiNFyFxz3xoL0LWAVwjrwPYZdVHHxhRHcx/uGLA==

lodash.get@^4.4.2:
  version "4.4.2"
  resolved "https://registry.npmjs.org/lodash.get/-/lodash.get-4.4.2.tgz"
  integrity sha512-z+Uw/vLuy6gQe8cfaFWD7p0wVv8fJl3mbzXh33RS+0oW2wvUqiRXiQ69gLWSLpgB5/6sU+r6BlQR0MBILadqTQ==

lodash@^4.17.15:
  version "4.17.21"
  resolved "https://registry.npmjs.org/lodash/-/lodash-4.17.21.tgz"
  integrity sha512-v2kDEe57lecTulaDIuNTPy3Ry4gLGJ6Z1O3vE1krgXZNrsQ+LFTGHVxVjcXPs17LhbZVGedAJv8XZ1tvj5FvSg==

lolex@^2.7.5:
  version "2.7.5"
  resolved "https://registry.npmjs.org/lolex/-/lolex-2.7.5.tgz"
  integrity sha512-l9x0+1offnKKIzYVjyXU2SiwhXDLekRzKyhnbyldPHvC7BvLPVpdNUNR2KeMAiCN2D/kLNttZgQD5WjSxuBx3Q==

lolex@^5.0.1:
  version "5.1.2"
  resolved "https://registry.npmjs.org/lolex/-/lolex-5.1.2.tgz"
  integrity sha512-h4hmjAvHTmd+25JSwrtTIuwbKdwg5NzZVRMLn9saij4SZaepCrTCxPr35H/3bjwfMJtN+t3CX8672UIkglz28A==
  dependencies:
    "@sinonjs/commons" "^1.7.0"

lru-cache@^6.0.0:
  version "6.0.0"
  resolved "https://registry.npmjs.org/lru-cache/-/lru-cache-6.0.0.tgz"
  integrity sha512-Jo6dJ04CmSjuznwJSS3pUeWmd/H0ffTlkXXgwZi+eq1UCmqQwCh+eLsYOYCwY991i2Fah4h1BEMCx4qThGbsiA==
  dependencies:
    yallist "^4.0.0"

math-intrinsics@^1.1.0:
  version "1.1.0"
  resolved "https://registry.npmjs.org/math-intrinsics/-/math-intrinsics-1.1.0.tgz"
  integrity sha512-/IXtbwEk5HTPyEwyKX6hGkYXxM9nbj64B+ilVJnC/R6B0pH5G4V3b0pVbL7DBj4tkhBAppbQUlf6F6Xl9LHu1g==

mime-db@1.52.0:
  version "1.52.0"
  resolved "https://registry.npmjs.org/mime-db/-/mime-db-1.52.0.tgz"
  integrity sha512-sPU4uV7dYlvtWJxwwxHD0PuihVNiE7TyAbQ5SWxDCB9mUYvOgroQOwYQQOKPJ8CIbE+1ETVlOoK1UC2nU3gYvg==

mime-types@^2.1.12:
  version "2.1.35"
  resolved "https://registry.npmjs.org/mime-types/-/mime-types-2.1.35.tgz"
  integrity sha512-ZDY+bPm5zTTF+YpCrAU9nK0UgICYPT0QtT1NZWFv4s++TNkcgVaT0g6+4R2uI4MjQjzysHB1zxuWL50hzaeXiw==
  dependencies:
    mime-db "1.52.0"

minimist@^1.2.5:
  version "1.2.6"
  resolved "https://registry.npmjs.org/minimist/-/minimist-1.2.6.tgz"
  integrity sha512-Jsjnk4bw3YJqYzbdyBiNsPWHPfO++UGG749Cxs6peCu5Xg4nrena6OVxOYxrQTqww0Jmwt+Ref8rggumkTLz9Q==

mkdirp@0.5.5:
  version "0.5.5"
  resolved "https://registry.npmjs.org/mkdirp/-/mkdirp-0.5.5.tgz"
  integrity sha512-NKmAlESf6jMGym1++R0Ra7wvhV+wFW63FaSOFPwRahvea0gMUcGUhVeAg/0BC0wiv9ih5NYPB1Wn1UEI1/L+xQ==
  dependencies:
    minimist "^1.2.5"

nise@^1.4.5:
  version "1.5.3"
  resolved "https://registry.npmjs.org/nise/-/nise-1.5.3.tgz"
  integrity sha512-Ymbac/94xeIrMf59REBPOv0thr+CJVFMhrlAkW/gjCIE58BGQdCj0x7KRCb3yz+Ga2Rz3E9XXSvUyyxqqhjQAQ==
  dependencies:
    "@sinonjs/formatio" "^3.2.1"
    "@sinonjs/text-encoding" "^0.7.1"
    just-extend "^4.0.2"
    lolex "^5.0.1"
    path-to-regexp "^1.7.0"

opentype.js@^0.8.0:
  version "0.8.0"
  resolved "https://registry.npmjs.org/opentype.js/-/opentype.js-0.8.0.tgz"
  integrity sha512-FQHR4oGP+a0m/f6yHoRpBOIbn/5ZWxKd4D/djHVJu8+KpBTYrJda0b7mLcgDEMWXE9xBCJm+qb0yv6FcvPjukg==
  dependencies:
    tiny-inflate "^1.0.2"

path-to-regexp@^1.7.0:
  version "1.9.0"
  resolved "https://registry.npmjs.org/path-to-regexp/-/path-to-regexp-1.9.0.tgz"
  integrity sha512-xIp7/apCFJuUHdDLWe8O1HIkb0kQrOMb/0u6FXQjemHn/ii5LrIzU6bdECnsiTF/GjZkMEKg1xdiZwNqDYlZ6g==
  dependencies:
    isarray "0.0.1"

pend@~1.2.0:
  version "1.2.0"
  resolved "https://registry.npmjs.org/pend/-/pend-1.2.0.tgz"
  integrity sha512-F3asv42UuXchdzt+xXqfW1OGlVBe+mxa2mqI0pg5yAHZPvFmY3Y6drSf/GQ1A86WgWEN9Kzh/WrgKa6iGcHXLg==

promise-stream-reader@^1.0.1:
  version "1.0.1"
  resolved "https://registry.npmjs.org/promise-stream-reader/-/promise-stream-reader-1.0.1.tgz"
  integrity sha512-Tnxit5trUjBAqqZCGWwjyxhmgMN4hGrtpW3Oc/tRI4bpm/O2+ej72BB08l6JBnGQgVDGCLvHFGjGgQS6vzhwXg==

proxy-from-env@^1.1.0:
  version "1.1.0"
  resolved "https://registry.npmjs.org/proxy-from-env/-/proxy-from-env-1.1.0.tgz"
  integrity sha512-D+zkORCbA9f1tdWRK0RaCR3GPv50cMxcrz4X8k5LTSUD1Dkw47mKJEZQNunItRTkWwgtaUSo1RVFRIG9ZXiFYg==

sinon@6.3.5:
  version "6.3.5"
  resolved "https://registry.npmjs.org/sinon/-/sinon-6.3.5.tgz"
  integrity sha512-xgoZ2gKjyVRcF08RrIQc+srnSyY1JDJtxu3Nsz07j1ffjgXoY6uPLf/qja6nDBZgzYYEovVkFryw2+KiZz11xQ==
  dependencies:
    "@sinonjs/commons" "^1.0.2"
    "@sinonjs/formatio" "^3.0.0"
    "@sinonjs/samsam" "^2.1.2"
    diff "^3.5.0"
    lodash.get "^4.4.2"
    lolex "^2.7.5"
    nise "^1.4.5"
    supports-color "^5.5.0"
    type-detect "^4.0.8"

supports-color@^5.5.0:
  version "5.5.0"
  resolved "https://registry.npmjs.org/supports-color/-/supports-color-5.5.0.tgz"
  integrity sha512-QjVjwdXIt408MIiAqCX4oUKsgU2EqAGzs2Ppkm4aQYbjm+ZEWEcW4SfFNTr4uMNZma0ey4f5lgLrkB0aX0QMow==
  dependencies:
    has-flag "^3.0.0"

tiny-inflate@^1.0.2:
  version "1.0.2"
  resolved "https://registry.npmjs.org/tiny-inflate/-/tiny-inflate-1.0.2.tgz"
  integrity sha512-fEndoHfuiSlXtvG0EA1gB4uAdy2dbQ3WfOtQw1/Y8NQ9rxtGbGkENwfGmN0wK7OkxDz1lgc5Ei2LQ0oxKDUcVw==

type-detect@^4.0.8, type-detect@4.0.8:
  version "4.0.8"
  resolved "https://registry.npmjs.org/type-detect/-/type-detect-4.0.8.tgz"
  integrity sha512-0fr/mIH1dlO+x7TlcMy+bIDqKPsw/70tVyeHW787goQjhmqaZe10uwLujubK9q9Lg6Fiho1KUKDYz0Z7k7g5/g==

yallist@^4.0.0:
  version "4.0.0"
  resolved "https://registry.npmjs.org/yallist/-/yallist-4.0.0.tgz"
  integrity sha512-3wdGidZyq5PB084XLES5TpOSRA3wjXAlIWMhum2kRcv/41Sn2emQ0dycQW4uZXLejwKvg6EsvbdlVL+FYEct7A==

yauzl@^2.10.0:
  version "2.10.0"
  resolved "https://registry.npmjs.org/yauzl/-/yauzl-2.10.0.tgz"
  integrity sha512-p4a9I6X6nu6IhoGmBqAcbJy1mlC4j27vEPZX9F4L4/vZT3Lyq1VkFHw/V/PUcB9Buo+DG3iHkT0x3Qya58zc3g==
  dependencies:
    buffer-crc32 "~0.2.3"
    fd-slicer "~1.1.0"
